
Microsoft Visual Studio Solution File, Format Version 12.00
# Visual Studio Version 17
VisualStudioVersion = 17.3.32804.467
MinimumVisualStudioVersion = 10.0.40219.1
Project("{FAE04EC0-301F-11D3-BF4B-00C04F79EFBC}") = "NapaProject", "NapaProject\NapaProject.csproj", "{92F28991-60EF-436E-A8D0-14482EC1D624}"
EndProject
Global
	GlobalSection(SolutionConfigurationPlatforms) = preSolution
		Debug|Any CPU = Debug|Any CPU
		Release|Any CPU = Release|Any CPU
	EndGlobalSection
	GlobalSection(ProjectConfigurationPlatforms) = postSolution
		{92F28991-60EF-436E-A8D0-14482EC1D624}.Debug|Any CPU.ActiveCfg = Debug|Any CPU
		{92F28991-60EF-436E-A8D0-14482EC1D624}.Debug|Any CPU.Build.0 = Debug|Any CPU
		{92F28991-60EF-436E-A8D0-14482EC1D624}.Release|Any CPU.ActiveCfg = Release|Any CPU
		{92F28991-60EF-436E-A8D0-14482EC1D624}.Release|Any CPU.Build.0 = Release|Any CPU
	EndGlobalSection
	GlobalSection(SolutionProperties) = preSolution
		HideSolutionNode = FALSE
	EndGlobalSection
	GlobalSection(ExtensibilityGlobals) = postSolution
		SolutionGuid = {E980C4B9-3190-428F-8D44-F2C390878184}
	EndGlobalSection
EndGlobal
